
Microsoft Visual Studio Solution File, Format Version 12.00
# Visual Studio 15
VisualStudioVersion = 15.0.27004.2010
MinimumVisualStudioVersion = 10.0.40219.1
Project("{FAE04EC0-301F-11D3-BF4B-00C04F79EFBC}") = "CD4_Client", "CodingDojo4\CD4_Client.csproj", "{AE43F238-3BAB-46FB-9317-1D636F0CCC22}"
EndProject
Global
	GlobalSection(SolutionConfigurationPlatforms) = preSolution
		Debug|Any CPU = Debug|Any CPU
		Release|Any CPU = Release|Any CPU
	EndGlobalSection
	GlobalSection(ProjectConfigurationPlatforms) = postSolution
		{AE43F238-3BAB-46FB-9317-1D636F0CCC22}.Debug|Any CPU.ActiveCfg = Debug|Any CPU
		{AE43F238-3BAB-46FB-9317-1D636F0CCC22}.Debug|Any CPU.Build.0 = Debug|Any CPU
		{AE43F238-3BAB-46FB-9317-1D636F0CCC22}.Release|Any CPU.ActiveCfg = Release|Any CPU
		{AE43F238-3BAB-46FB-9317-1D636F0CCC22}.Release|Any CPU.Build.0 = Release|Any CPU
	EndGlobalSection
	GlobalSection(SolutionProperties) = preSolution
		HideSolutionNode = FALSE
	EndGlobalSection
	GlobalSection(ExtensibilityGlobals) = postSolution
		SolutionGuid = {DBBF53A3-18EB-4890-B8B2-7CB496CEA5FB}
	EndGlobalSection
EndGlobal
